<Solution>
  <Folder Name="/services/">
    <Project Path="QuestionService/QuestionService.csproj" Id="504c678c-ab16-4234-944f-6020c73c2c05" />
  </Folder>
  <Project Path="Overflow.AppHost/Overflow.AppHost.csproj" />
  <Project Path="Overflow.ServiceDefaults/Overflow.ServiceDefaults.csproj" />
</Solution>
